lockfileVersion: '9.0'

settings:
  autoInstallPeers: true
  excludeLinksFromLockfile: false

importers:

  .:
    devDependencies:
      '@changesets/cli':
        specifier: 3.0.1
        version: 3.0.1
      oxfmt:
        specifier: 0.65.0
        version: 0.65.0
      oxlint:
        specifier: 1.80.0
        version: 1.80.0(oxlint-tsgolint@7.0.2001)
      oxlint-tsgolint:
        specifier: 7.0.2001
        version: 7.0.2001
      turbo:
        specifier: 2.10.12
        version: 2.10.12
      typescript:
        specifier: 7.0.2
        version: 7.0.2
